
Microsoft Visual Studio Solution File, Format Version 12.00
# Visual Studio 14
VisualStudioVersion = 14.0.23107.0
MinimumVisualStudioVersion = 10.0.40219.1
Project("{FAE04EC0-301F-11D3-BF4B-00C04F79EFBC}") = "SqlSkim.Driver", "SqlSkim.Driver\SqlSkim.Driver.csproj", "{8F4BDD7A-CF06-4D41-8D0E-C78AA055C759}"
EndProject
Project("{FAE04EC0-301F-11D3-BF4B-00C04F79EFBC}") = "SqlSkim.Sdk", "SqlSkim.Sdk\SqlSkim.Sdk.csproj", "{D5A40E1A-89B9-42AD-A136-C512896A9BC8}"
EndProject
Project("{FAE04EC0-301F-11D3-BF4B-00C04F79EFBC}") = "SqlSkim.Rules", "SqlSkim.Rules\SqlSkim.Rules.csproj", "{1F1583AB-55FD-41B8-9B18-53D4F4B9C552}"
EndProject
Project("{FAE04EC0-301F-11D3-BF4B-00C04F79EFBC}") = "SqlSkim.Driver.UnitTests", "SqlSkim.Driver.UnitTests\SqlSkim.Driver.UnitTests.csproj", "{14E3D312-9871-4784-B312-0345536B3D1D}"
EndProject
Project("{FAE04EC0-301F-11D3-BF4B-00C04F79EFBC}") = "SqlSkim.Parsers", "SqlSkim.Parsers\SqlSkim.Parsers.csproj", "{D87C16F2-A31E-43DF-9657-854ADD3B39D9}"
EndProject
Project("{FAE04EC0-301F-11D3-BF4B-00C04F79EFBC}") = "SqlSkim.Parsers.UnitTests", "SqlSkim.Parsers.UnitTests\SqlSkim.Parsers.UnitTests.csproj", "{E838EC9E-505D-4C34-9CF8-4AF754710CE3}"
EndProject
Project("{FAE04EC0-301F-11D3-BF4B-00C04F79EFBC}") = "SqlSkim.Rules.UnitTests", "SqlSkim.Rules.UnitTests\SqlSkim.Rules.UnitTests.csproj", "{477AE8D6-2D38-4B85-90A9-E869AAA9D1FD}"
EndProject
Project("{FAE04EC0-301F-11D3-BF4B-00C04F79EFBC}") = "SqlSkim.Sdk.UnitTests", "SqlSkim.Sdk.UnitTests\SqlSkim.Sdk.UnitTests.csproj", "{62AFB42E-06B2-4DE3-98E5-7CE679D3CF56}"
EndProject
Project("{FAE04EC0-301F-11D3-BF4B-00C04F79EFBC}") = "SqlSkim.Driver.FunctionalTests", "SqlSkim.Driver.FunctionalTests\SqlSkim.Driver.FunctionalTests.csproj", "{9E73C78B-DBE2-4ED1-888F-6610F0E73E70}"
EndProject
Global
	GlobalSection(SolutionConfigurationPlatforms) = preSolution
		Debug|Any CPU = Debug|Any CPU
		Release|Any CPU = Release|Any CPU
	EndGlobalSection
	GlobalSection(ProjectConfigurationPlatforms) = postSolution
		{8F4BDD7A-CF06-4D41-8D0E-C78AA055C759}.Debug|Any CPU.ActiveCfg = Debug|Any CPU
		{8F4BDD7A-CF06-4D41-8D0E-C78AA055C759}.Debug|Any CPU.Build.0 = Debug|Any CPU
		{8F4BDD7A-CF06-4D41-8D0E-C78AA055C759}.Release|Any CPU.ActiveCfg = Release|Any CPU
		{8F4BDD7A-CF06-4D41-8D0E-C78AA055C759}.Release|Any CPU.Build.0 = Release|Any CPU
		{D5A40E1A-89B9-42AD-A136-C512896A9BC8}.Debug|Any CPU.ActiveCfg = Debug|Any CPU
		{D5A40E1A-89B9-42AD-A136-C512896A9BC8}.Debug|Any CPU.Build.0 = Debug|Any CPU
		{D5A40E1A-89B9-42AD-A136-C512896A9BC8}.Release|Any CPU.ActiveCfg = Release|Any CPU
		{D5A40E1A-89B9-42AD-A136-C512896A9BC8}.Release|Any CPU.Build.0 = Release|Any CPU
		{1F1583AB-55FD-41B8-9B18-53D4F4B9C552}.Debug|Any CPU.ActiveCfg = Debug|Any CPU
		{1F1583AB-55FD-41B8-9B18-53D4F4B9C552}.Debug|Any CPU.Build.0 = Debug|Any CPU
		{1F1583AB-55FD-41B8-9B18-53D4F4B9C552}.Release|Any CPU.ActiveCfg = Release|Any CPU
		{1F1583AB-55FD-41B8-9B18-53D4F4B9C552}.Release|Any CPU.Build.0 = Release|Any CPU
		{14E3D312-9871-4784-B312-0345536B3D1D}.Debug|Any CPU.ActiveCfg = Debug|Any CPU
		{14E3D312-9871-4784-B312-0345536B3D1D}.Debug|Any CPU.Build.0 = Debug|Any CPU
		{14E3D312-9871-4784-B312-0345536B3D1D}.Release|Any CPU.ActiveCfg = Release|Any CPU
		{14E3D312-9871-4784-B312-0345536B3D1D}.Release|Any CPU.Build.0 = Release|Any CPU
		{D87C16F2-A31E-43DF-9657-854ADD3B39D9}.Debug|Any CPU.ActiveCfg = Debug|Any CPU
		{D87C16F2-A31E-43DF-9657-854ADD3B39D9}.Debug|Any CPU.Build.0 = Debug|Any CPU
		{D87C16F2-A31E-43DF-9657-854ADD3B39D9}.Release|Any CPU.ActiveCfg = Release|Any CPU
		{D87C16F2-A31E-43DF-9657-854ADD3B39D9}.Release|Any CPU.Build.0 = Release|Any CPU
		{E838EC9E-505D-4C34-9CF8-4AF754710CE3}.Debug|Any CPU.ActiveCfg = Debug|Any CPU
		{E838EC9E-505D-4C34-9CF8-4AF754710CE3}.Debug|Any CPU.Build.0 = Debug|Any CPU
		{E838EC9E-505D-4C34-9CF8-4AF754710CE3}.Release|Any CPU.ActiveCfg = Release|Any CPU
		{E838EC9E-505D-4C34-9CF8-4AF754710CE3}.Release|Any CPU.Build.0 = Release|Any CPU
		{477AE8D6-2D38-4B85-90A9-E869AAA9D1FD}.Debug|Any CPU.ActiveCfg = Debug|Any CPU
		{477AE8D6-2D38-4B85-90A9-E869AAA9D1FD}.Debug|Any CPU.Build.0 = Debug|Any CPU
		{477AE8D6-2D38-4B85-90A9-E869AAA9D1FD}.Release|Any CPU.ActiveCfg = Release|Any CPU
		{477AE8D6-2D38-4B85-90A9-E869AAA9D1FD}.Release|Any CPU.Build.0 = Release|Any CPU
		{62AFB42E-06B2-4DE3-98E5-7CE679D3CF56}.Debug|Any CPU.ActiveCfg = Debug|Any CPU
		{62AFB42E-06B2-4DE3-98E5-7CE679D3CF56}.Debug|Any CPU.Build.0 = Debug|Any CPU
		{62AFB42E-06B2-4DE3-98E5-7CE679D3CF56}.Release|Any CPU.ActiveCfg = Release|Any CPU
		{62AFB42E-06B2-4DE3-98E5-7CE679D3CF56}.Release|Any CPU.Build.0 = Release|Any CPU
		{9E73C78B-DBE2-4ED1-888F-6610F0E73E70}.Debug|Any CPU.ActiveCfg = Debug|Any CPU
		{9E73C78B-DBE2-4ED1-888F-6610F0E73E70}.Debug|Any CPU.Build.0 = Debug|Any CPU
		{9E73C78B-DBE2-4ED1-888F-6610F0E73E70}.Release|Any CPU.ActiveCfg = Release|Any CPU
		{9E73C78B-DBE2-4ED1-888F-6610F0E73E70}.Release|Any CPU.Build.0 = Release|Any CPU
	EndGlobalSection
	GlobalSection(SolutionProperties) = preSolution
		HideSolutionNode = FALSE
	EndGlobalSection
EndGlobal
